#MicroXplorer Configuration settings - do not modify
CORTEX_M7.CPU_DCache=Enabled
CORTEX_M7.CPU_ICache=Enabled
CORTEX_M7.IPParameters=CPU_ICache,CPU_DCache
Dma.Request0=SAI1_A
Dma.Request1=SAI1_B
Dma.Request2=SAI2_A
Dma.Request3=SAI2_B
Dma.Request4=USART3_RX
Dma.Request5=USART3_TX
Dma.RequestsNb=6
Dma.SAI1_A.0.Direction=DMA_MEMORY_TO_PERIPH
Dma.SAI1_A.0.EventEnable=DISABLE
Dma.SAI1_A.0.FIFOMode=DMA_FIFOMODE_ENABLE
Dma.SAI1_A.0.FIFOThreshold=DMA_FIFO_THRESHOLD_FULL
Dma.SAI1_A.0.Instance=DMA1_Stream0
Dma.SAI1_A.0.MemBurst=DMA_MBURST_SINGLE
Dma.SAI1_A.0.MemDataAlignment=DMA_MDATAALIGN_HALFWORD
Dma.SAI1_A.0.MemInc=DMA_MINC_ENABLE
Dma.SAI1_A.0.Mode=DMA_CIRCULAR
Dma.SAI1_A.0.PeriphBurst=DMA_PBURST_SINGLE
Dma.SAI1_A.0.PeriphDataAlignment=DMA_PDATAALIGN_HALFWORD
Dma.SAI1_A.0.PeriphInc=DMA_PINC_DISABLE
Dma.SAI1_A.0.Polarity=HAL_DMAMUX_REQ_GEN_RISING
Dma.SAI1_A.0.Priority=DMA_PRIORITY_HIGH
Dma.SAI1_A.0.RequestNumber=1
Dma.SAI1_A.0.RequestParameters=Instance,Direction,PeriphInc,MemInc,PeriphDataAlignment,MemDataAlignment,Mode,Priority,FIFOMode,FIFOThreshold,MemBurst,PeriphBurst,SignalID,Polarity,RequestNumber,SyncSignalID,SyncPolarity,SyncEnable,EventEnable,SyncRequestNumber
Dma.SAI1_A.0.SignalID=NONE
Dma.SAI1_A.0.SyncEnable=DISABLE
Dma.SAI1_A.0.SyncPolarity=HAL_DMAMUX_SYNC_NO_EVENT
Dma.SAI1_A.0.SyncRequestNumber=1
Dma.SAI1_A.0.SyncSignalID=NONE
Dma.SAI1_B.1.Direction=DMA_MEMORY_TO_PERIPH
Dma.SAI1_B.1.EventEnable=DISABLE
Dma.SAI1_B.1.FIFOMode=DMA_FIFOMODE_ENABLE
Dma.SAI1_B.1.FIFOThreshold=DMA_FIFO_THRESHOLD_FULL
Dma.SAI1_B.1.Instance=DMA1_Stream1
Dma.SAI1_B.1.MemBurst=DMA_MBURST_SINGLE
Dma.SAI1_B.1.MemDataAlignment=DMA_MDATAALIGN_HALFWORD
Dma.SAI1_B.1.MemInc=DMA_MINC_ENABLE
Dma.SAI1_B.1.Mode=DMA_CIRCULAR
Dma.SAI1_B.1.PeriphBurst=DMA_PBURST_SINGLE
Dma.SAI1_B.1.PeriphDataAlignment=DMA_PDATAALIGN_HALFWORD
Dma.SAI1_B.1.PeriphInc=DMA_PINC_DISABLE
Dma.SAI1_B.1.Polarity=HAL_DMAMUX_REQ_GEN_RISING
Dma.SAI1_B.1.Priority=DMA_PRIORITY_HIGH
Dma.SAI1_B.1.RequestNumber=1
Dma.SAI1_B.1.RequestParameters=Instance,Direction,PeriphInc,MemInc,PeriphDataAlignment,MemDataAlignment,Mode,Priority,FIFOMode,FIFOThreshold,MemBurst,PeriphBurst,SignalID,Polarity,RequestNumber,SyncSignalID,SyncPolarity,SyncEnable,EventEnable,SyncRequestNumber
Dma.SAI1_B.1.SignalID=NONE
Dma.SAI1_B.1.SyncEnable=DISABLE
Dma.SAI1_B.1.SyncPolarity=HAL_DMAMUX_SYNC_NO_EVENT
Dma.SAI1_B.1.SyncRequestNumber=1
Dma.SAI1_B.1.SyncSignalID=NONE
Dma.SAI2_A.2.Direction=DMA_MEMORY_TO_PERIPH
Dma.SAI2_A.2.EventEnable=DISABLE
Dma.SAI2_A.2.FIFOMode=DMA_FIFOMODE_ENABLE
Dma.SAI2_A.2.FIFOThreshold=DMA_FIFO_THRESHOLD_FULL
Dma.SAI2_A.2.Instance=DMA1_Stream2
Dma.SAI2_A.2.MemBurst=DMA_MBURST_SINGLE
Dma.SAI2_A.2.MemDataAlignment=DMA_MDATAALIGN_HALFWORD
Dma.SAI2_A.2.MemInc=DMA_MINC_ENABLE
Dma.SAI2_A.2.Mode=DMA_CIRCULAR
Dma.SAI2_A.2.PeriphBurst=DMA_PBURST_SINGLE
Dma.SAI2_A.2.PeriphDataAlignment=DMA_PDATAALIGN_HALFWORD
Dma.SAI2_A.2.PeriphInc=DMA_PINC_DISABLE
Dma.SAI2_A.2.Polarity=HAL_DMAMUX_REQ_GEN_RISING
Dma.SAI2_A.2.Priority=DMA_PRIORITY_HIGH
Dma.SAI2_A.2.RequestNumber=1
Dma.SAI2_A.2.RequestParameters=Instance,Direction,PeriphInc,MemInc,PeriphDataAlignment,MemDataAlignment,Mode,Priority,FIFOMode,FIFOThreshold,MemBurst,PeriphBurst,SignalID,Polarity,RequestNumber,SyncSignalID,SyncPolarity,SyncEnable,EventEnable,SyncRequestNumber
Dma.SAI2_A.2.SignalID=NONE
Dma.SAI2_A.2.SyncEnable=DISABLE
Dma.SAI2_A.2.SyncPolarity=HAL_DMAMUX_SYNC_NO_EVENT
Dma.SAI2_A.2.SyncRequestNumber=1
Dma.SAI2_A.2.SyncSignalID=NONE
Dma.SAI2_B.3.Direction=DMA_MEMORY_TO_PERIPH
Dma.SAI2_B.3.EventEnable=DISABLE
Dma.SAI2_B.3.FIFOMode=DMA_FIFOMODE_ENABLE
Dma.SAI2_B.3.FIFOThreshold=DMA_FIFO_THRESHOLD_FULL
Dma.SAI2_B.3.Instance=DMA1_Stream3
Dma.SAI2_B.3.MemBurst=DMA_MBURST_SINGLE
Dma.SAI2_B.3.MemDataAlignment=DMA_MDATAALIGN_HALFWORD
Dma.SAI2_B.3.MemInc=DMA_MINC_ENABLE
Dma.SAI2_B.3.Mode=DMA_CIRCULAR
Dma.SAI2_B.3.PeriphBurst=DMA_PBURST_SINGLE
Dma.SAI2_B.3.PeriphDataAlignment=DMA_PDATAALIGN_HALFWORD
Dma.SAI2_B.3.PeriphInc=DMA_PINC_DISABLE
Dma.SAI2_B.3.Polarity=HAL_DMAMUX_REQ_GEN_RISING
Dma.SAI2_B.3.Priority=DMA_PRIORITY_HIGH
Dma.SAI2_B.3.RequestNumber=1
Dma.SAI2_B.3.RequestParameters=Instance,Direction,PeriphInc,MemInc,PeriphDataAlignment,MemDataAlignment,Mode,Priority,FIFOMode,FIFOThreshold,MemBurst,PeriphBurst,SignalID,Polarity,RequestNumber,SyncSignalID,SyncPolarity,SyncEnable,EventEnable,SyncRequestNumber
Dma.SAI2_B.3.SignalID=NONE
Dma.SAI2_B.3.SyncEnable=DISABLE
Dma.SAI2_B.3.SyncPolarity=HAL_DMAMUX_SYNC_NO_EVENT
Dma.SAI2_B.3.SyncRequestNumber=1
Dma.SAI2_B.3.SyncSignalID=NONE
Dma.USART3_RX.4.Direction=DMA_PERIPH_TO_MEMORY
Dma.USART3_RX.4.EventEnable=DISABLE
Dma.USART3_RX.4.FIFOMode=DMA_FIFOMODE_DISABLE
Dma.USART3_RX.4.Instance=DMA1_Stream4
Dma.USART3_RX.4.MemDataAlignment=DMA_MDATAALIGN_BYTE
Dma.USART3_RX.4.MemInc=DMA_MINC_ENABLE
Dma.USART3_RX.4.Mode=DMA_CIRCULAR
Dma.USART3_RX.4.PeriphDataAlignment=DMA_PDATAALIGN_BYTE
Dma.USART3_RX.4.PeriphInc=DMA_PINC_DISABLE
Dma.USART3_RX.4.Polarity=HAL_DMAMUX_REQ_GEN_RISING
Dma.USART3_RX.4.Priority=DMA_PRIORITY_LOW
Dma.USART3_RX.4.RequestNumber=1
Dma.USART3_RX.4.RequestParameters=Instance,Direction,PeriphInc,MemInc,PeriphDataAlignment,MemDataAlignment,Mode,Priority,FIFOMode,SignalID,Polarity,RequestNumber,SyncSignalID,SyncPolarity,SyncEnable,EventEnable,SyncRequestNumber
Dma.USART3_RX.4.SignalID=NONE
Dma.USART3_RX.4.SyncEnable=DISABLE
Dma.USART3_RX.4.SyncPolarity=HAL_DMAMUX_SYNC_NO_EVENT
Dma.USART3_RX.4.SyncRequestNumber=1
Dma.USART3_RX.4.SyncSignalID=NONE
Dma.USART3_TX.5.Direction=DMA_MEMORY_TO_PERIPH
Dma.USART3_TX.5.EventEnable=DISABLE
Dma.USART3_TX.5.FIFOMode=DMA_FIFOMODE_DISABLE
Dma.USART3_TX.5.Instance=DMA1_Stream5
Dma.USART3_TX.5.MemDataAlignment=DMA_MDATAALIGN_BYTE
Dma.USART3_TX.5.MemInc=DMA_MINC_ENABLE
Dma.USART3_TX.5.Mode=DMA_NORMAL
Dma.USART3_TX.5.PeriphDataAlignment=DMA_PDATAALIGN_BYTE
Dma.USART3_TX.5.PeriphInc=DMA_PINC_DISABLE
Dma.USART3_TX.5.Polarity=HAL_DMAMUX_REQ_GEN_RISING
Dma.USART3_TX.5.Priority=DMA_PRIORITY_LOW
Dma.USART3_TX.5.RequestNumber=1
Dma.USART3_TX.5.RequestParameters=Instance,Direction,PeriphInc,MemInc,PeriphDataAlignment,MemDataAlignment,Mode,Priority,FIFOMode,SignalID,Polarity,RequestNumber,SyncSignalID,SyncPolarity,SyncEnable,EventEnable,SyncRequestNumber
Dma.USART3_TX.5.SignalID=NONE
Dma.USART3_TX.5.SyncEnable=DISABLE
Dma.USART3_TX.5.SyncPolarity=HAL_DMAMUX_SYNC_NO_EVENT
Dma.USART3_TX.5.SyncRequestNumber=1
Dma.USART3_TX.5.SyncSignalID=NONE
FATFS.BSP.number=1
FATFS.IPParameters=_USE_FIND,_USE_LFN,_USE_MUTEX,_FS_LOCK,_FS_RPATH
FATFS._FS_LOCK=48
FATFS._FS_RPATH=2
FATFS._USE_FIND=1
FATFS._USE_LFN=2
FATFS._USE_MUTEX=1
FATFS0.BSP.STBoard=false
FATFS0.BSP.api=Unknown
FATFS0.BSP.component=
FATFS0.BSP.condition=
FATFS0.BSP.instance=PG10
FATFS0.BSP.ip=GPIO
FATFS0.BSP.mode=Input
FATFS0.BSP.name=Detect_SDIO
FATFS0.BSP.semaphore=
FATFS0.BSP.solution=PG10
FREERTOS.FootprintOK=true
FREERTOS.IPParameters=Tasks01,configENABLE_FPU,configTOTAL_HEAP_SIZE,FootprintOK,configMINIMAL_STACK_SIZE,configUSE_NEWLIB_REENTRANT
FREERTOS.Tasks01=taskDefault,40,1024,StartDefaultTask,Default,NULL,Static,taskDefaultBuffer,taskDefaultControlBlock
FREERTOS.configENABLE_FPU=1
FREERTOS.configMINIMAL_STACK_SIZE=256
FREERTOS.configTOTAL_HEAP_SIZE=131072
FREERTOS.configUSE_NEWLIB_REENTRANT=1
File.Version=6
GPIO.groupedBy=Group By Peripherals
KeepUserPlacement=false
Mcu.CPN=STM32H7A3ZIT6Q
Mcu.Family=STM32H7
Mcu.IP0=CORTEX_M7
Mcu.IP1=DEBUG
Mcu.IP10=SYS
Mcu.IP11=TIM5
Mcu.IP12=USART3
Mcu.IP2=DMA
Mcu.IP3=FATFS
Mcu.IP4=FREERTOS
Mcu.IP5=NVIC
Mcu.IP6=RCC
Mcu.IP7=SAI1
Mcu.IP8=SAI2
Mcu.IP9=SDMMC1
Mcu.IPNb=13
Mcu.Name=STM32H7A3Z(G-I)TxQ
Mcu.Package=LQFP144
Mcu.Pin0=PE2
Mcu.Pin1=PE3
Mcu.Pin10=PH1-OSC_OUT
Mcu.Pin11=PA0
Mcu.Pin12=PB0
Mcu.Pin13=PB14
Mcu.Pin14=PD8
Mcu.Pin15=PD9
Mcu.Pin16=PD11
Mcu.Pin17=PG7
Mcu.Pin18=PC8
Mcu.Pin19=PC9
Mcu.Pin2=PE4
Mcu.Pin20=PA8
Mcu.Pin21=PA9
Mcu.Pin22=PA10
Mcu.Pin23=PA11
Mcu.Pin24=PA12
Mcu.Pin25=PA13
Mcu.Pin26=PA14
Mcu.Pin27=PC10
Mcu.Pin28=PC11
Mcu.Pin29=PC12
Mcu.Pin3=PE5
Mcu.Pin30=PD2
Mcu.Pin31=PG10
Mcu.Pin32=PB3
Mcu.Pin33=PE1
Mcu.Pin34=VP_FATFS_VS_SDIO
Mcu.Pin35=VP_FREERTOS_VS_CMSIS_V2
Mcu.Pin36=VP_SAI1_VP_$IpInstance_SYNCHRO_EXTERNAL
Mcu.Pin37=VP_SYS_VS_tim7
Mcu.Pin38=VP_TIM5_VS_ClockSourceINT
Mcu.Pin4=PE6
Mcu.Pin5=PC13
Mcu.Pin6=PC14-OSC32_IN
Mcu.Pin7=PC15-OSC32_OUT
Mcu.Pin8=PF10
Mcu.Pin9=PH0-OSC_IN
Mcu.PinsNb=39
Mcu.ThirdPartyNb=0
Mcu.UserConstants=
Mcu.UserName=STM32H7A3ZITxQ
MxCube.Version=6.6.0
MxDb.Version=DB.6.0.60
NVIC.BusFault_IRQn=true\:0\:0\:false\:false\:true\:false\:false\:false\:false
NVIC.DMA1_Stream0_IRQn=true\:6\:0\:true\:false\:true\:true\:false\:true\:true
NVIC.DMA1_Stream1_IRQn=true\:7\:0\:true\:false\:true\:true\:false\:true\:true
NVIC.DMA1_Stream2_IRQn=true\:7\:0\:true\:false\:true\:true\:false\:true\:true
NVIC.DMA1_Stream3_IRQn=true\:7\:0\:true\:false\:true\:true\:false\:true\:true
NVIC.DMA1_Stream4_IRQn=true\:15\:0\:true\:false\:true\:true\:false\:true\:true
NVIC.DMA1_Stream5_IRQn=true\:15\:0\:true\:false\:true\:true\:false\:true\:true
NVIC.DebugMonitor_IRQn=true\:0\:0\:false\:false\:true\:false\:false\:false\:false
NVIC.ForceEnableDMAVector=true
NVIC.HardFault_IRQn=true\:0\:0\:false\:false\:true\:false\:false\:false\:false
NVIC.MemoryManagement_IRQn=true\:0\:0\:false\:false\:true\:false\:false\:false\:false
NVIC.NonMaskableInt_IRQn=true\:0\:0\:false\:false\:true\:false\:false\:false\:false
NVIC.PendSV_IRQn=true\:15\:0\:false\:false\:false\:true\:false\:false\:false
NVIC.PriorityGroup=NVIC_PRIORITYGROUP_4
NVIC.SAI1_IRQn=true\:12\:0\:true\:false\:true\:true\:true\:true\:true
NVIC.SAI2_IRQn=true\:12\:0\:true\:false\:true\:true\:true\:true\:true
NVIC.SDMMC1_IRQn=true\:7\:0\:true\:false\:true\:true\:true\:true\:true
NVIC.SVCall_IRQn=true\:0\:0\:false\:false\:false\:false\:false\:false\:false
NVIC.SavedPendsvIrqHandlerGenerated=true
NVIC.SavedSvcallIrqHandlerGenerated=true
NVIC.SavedSystickIrqHandlerGenerated=true
NVIC.SysTick_IRQn=true\:15\:0\:false\:false\:false\:true\:false\:true\:false
NVIC.TIM7_IRQn=true\:0\:0\:true\:false\:true\:false\:false\:true\:true
NVIC.TimeBase=TIM7_IRQn
NVIC.TimeBaseIP=TIM7
NVIC.USART3_IRQn=true\:13\:0\:true\:false\:true\:true\:true\:true\:true
NVIC.UsageFault_IRQn=true\:0\:0\:false\:false\:true\:false\:false\:false\:false
PA0.GPIOParameters=GPIO_Speed
PA0.GPIO_Speed=GPIO_SPEED_FREQ_VERY_HIGH
PA0.Mode=SAI_B_SyncSlave
PA0.Signal=SAI2_SD_B
PA10.GPIOParameters=GPIO_Label
PA10.GPIO_Label=USB_FS_ID [ZX62RD-AB-5P8_ID]
PA10.Locked=true
PA10.Signal=USB_OTG_HS_ID
PA11.GPIOParameters=GPIO_Label
PA11.GPIO_Label=USB_FS_N [USBLC6-2SC6_IO_1]
PA11.Locked=true
PA11.Signal=USB_OTG_HS_DM
PA12.GPIOParameters=GPIO_Label
PA12.GPIO_Label=USB_FS_P [USBLC6-2SC6_IO_2]
PA12.Locked=true
PA12.Signal=USB_OTG_HS_DP
PA13.Mode=Trace_Asynchronous_SW
PA13.Signal=DEBUG_JTMS-SWDIO
PA14.Mode=Trace_Asynchronous_SW
PA14.Signal=DEBUG_JTCK-SWCLK
PA8.GPIOParameters=GPIO_Speed
PA8.GPIO_Speed=GPIO_SPEED_FREQ_VERY_HIGH
PA8.Mode=Clock-out-1
PA8.Signal=RCC_MCO_1
PA9.GPIOParameters=GPIO_Label
PA9.GPIO_Label=USB_FS_VBUS  [ZX62RD-AB-5P8_VBUS]
PA9.Locked=true
PA9.Signal=USB_OTG_HS_VBUS
PB0.GPIOParameters=GPIO_Label
PB0.GPIO_Label=LED1_GREEN
PB0.Locked=true
PB0.Signal=GPIO_Output
PB14.GPIOParameters=GPIO_Label
PB14.GPIO_Label=LED3_RED
PB14.Locked=true
PB14.Signal=GPIO_Output
PB3.Mode=Trace_Asynchronous_SW
PB3.Signal=DEBUG_JTDO-SWO
PC10.GPIOParameters=GPIO_PuPd
PC10.GPIO_PuPd=GPIO_PULLUP
PC10.Mode=SD_4_bits_Wide_bus
PC10.Signal=SDMMC1_D2
PC11.GPIOParameters=GPIO_PuPd
PC11.GPIO_PuPd=GPIO_PULLUP
PC11.Mode=SD_4_bits_Wide_bus
PC11.Signal=SDMMC1_D3
PC12.GPIOParameters=GPIO_PuPd
PC12.GPIO_PuPd=GPIO_PULLUP
PC12.Mode=SD_4_bits_Wide_bus
PC12.Signal=SDMMC1_CK
PC13.GPIOParameters=GPIO_PuPd,GPIO_Label
PC13.GPIO_Label=BUTTON1
PC13.GPIO_PuPd=GPIO_PULLUP
PC13.Locked=true
PC13.Signal=GPIO_Input
PC14-OSC32_IN.GPIOParameters=GPIO_Label
PC14-OSC32_IN.GPIO_Label=OSC32_IN
PC14-OSC32_IN.Locked=true
PC14-OSC32_IN.Signal=RCC_OSC32_IN
PC15-OSC32_OUT.GPIOParameters=GPIO_Label
PC15-OSC32_OUT.GPIO_Label=OSC32_OUT
PC15-OSC32_OUT.Locked=true
PC15-OSC32_OUT.Signal=RCC_OSC32_OUT
PC8.GPIOParameters=GPIO_PuPd
PC8.GPIO_PuPd=GPIO_PULLUP
PC8.Locked=true
PC8.Mode=SD_4_bits_Wide_bus
PC8.Signal=SDMMC1_D0
PC9.GPIOParameters=GPIO_PuPd
PC9.GPIO_PuPd=GPIO_PULLUP
PC9.Mode=SD_4_bits_Wide_bus
PC9.Signal=SDMMC1_D1
PD11.GPIOParameters=GPIO_Speed
PD11.GPIO_Speed=GPIO_SPEED_FREQ_VERY_HIGH
PD11.Mode=SAI_A_SyncSlave
PD11.Signal=SAI2_SD_A
PD2.GPIOParameters=GPIO_PuPd
PD2.GPIO_PuPd=GPIO_PULLUP
PD2.Mode=SD_4_bits_Wide_bus
PD2.Signal=SDMMC1_CMD
PD8.GPIOParameters=GPIO_Speed,GPIO_Label
PD8.GPIO_Label=STLINK_RX
PD8.GPIO_Speed=GPIO_SPEED_FREQ_VERY_HIGH
PD8.Locked=true
PD8.Mode=Asynchronous
PD8.Signal=USART3_TX
PD9.GPIOParameters=GPIO_Speed,GPIO_Label
PD9.GPIO_Label=STLINK_TX
PD9.GPIO_Speed=GPIO_SPEED_FREQ_VERY_HIGH
PD9.Locked=true
PD9.Mode=Asynchronous
PD9.Signal=USART3_RX
PE1.GPIOParameters=PinState,GPIO_Label
PE1.GPIO_Label=LED2_YELLOW
PE1.Locked=true
PE1.PinState=GPIO_PIN_SET
PE1.Signal=GPIO_Output
PE2.GPIOParameters=GPIO_Speed
PE2.GPIO_Speed=GPIO_SPEED_FREQ_VERY_HIGH
PE2.Mode=SAI_A_MasterWithClock
PE2.Signal=SAI1_MCLK_A
PE3.GPIOParameters=GPIO_Speed
PE3.GPIO_Speed=GPIO_SPEED_FREQ_VERY_HIGH
PE3.Mode=SAI_B_SyncSlave
PE3.Signal=SAI1_SD_B
PE4.GPIOParameters=GPIO_Speed
PE4.GPIO_Speed=GPIO_SPEED_FREQ_VERY_HIGH
PE4.Mode=SAI_A_MasterWithClock
PE4.Signal=SAI1_FS_A
PE5.GPIOParameters=GPIO_Speed
PE5.GPIO_Speed=GPIO_SPEED_FREQ_VERY_HIGH
PE5.Mode=SAI_A_MasterWithClock
PE5.Signal=SAI1_SCK_A
PE6.GPIOParameters=GPIO_Speed
PE6.GPIO_Speed=GPIO_SPEED_FREQ_VERY_HIGH
PE6.Mode=SAI_A_MasterWithClock
PE6.Signal=SAI1_SD_A
PF10.GPIOParameters=GPIO_Label
PF10.GPIO_Label=USB_FS_PWR_EN [STMPS2141STR_EN]
PF10.Locked=true
PF10.Signal=GPIO_Output
PG10.GPIOParameters=GPIO_PuPd,GPIO_Label
PG10.GPIO_Label=SDMMC1_DETECT
PG10.GPIO_PuPd=GPIO_PULLUP
PG10.Locked=true
PG10.Signal=GPIO_Input
PG7.GPIOParameters=GPIO_Label
PG7.GPIO_Label=USB_FS_OVCR  [STMPS2141STR_FAULT]
PG7.Locked=true
PG7.Signal=GPXTI7
PH0-OSC_IN.GPIOParameters=GPIO_Label
PH0-OSC_IN.GPIO_Label=PH0-MCU
PH0-OSC_IN.Locked=true
PH0-OSC_IN.Mode=HSE-External-Clock-Source
PH0-OSC_IN.Signal=RCC_OSC_IN
PH1-OSC_OUT.GPIOParameters=GPIO_Label
PH1-OSC_OUT.GPIO_Label=PH1-MCU
PH1-OSC_OUT.Locked=true
PH1-OSC_OUT.Signal=RCC_OSC_OUT
PinOutPanel.RotationAngle=0
ProjectManager.AskForMigrate=true
ProjectManager.BackupPrevious=false
ProjectManager.CompilerOptimize=6
ProjectManager.ComputerToolchain=false
ProjectManager.CoupleFile=false
ProjectManager.CustomerFirmwarePackage=
ProjectManager.DefaultFWLocation=true
ProjectManager.DeletePrevious=true
ProjectManager.DeviceId=STM32H7A3ZITxQ
ProjectManager.FirmwarePackage=STM32Cube FW_H7 V1.10.0
ProjectManager.FreePins=false
ProjectManager.HalAssertFull=false
ProjectManager.HeapSize=0x200
ProjectManager.KeepUserCode=true
ProjectManager.LastFirmware=true
ProjectManager.LibraryCopy=1
ProjectManager.MainLocation=Core/Src
ProjectManager.NoMain=false
ProjectManager.PreviousToolchain=
ProjectManager.ProjectBuild=false
ProjectManager.ProjectFileName=WAVMultiChannel.ioc
ProjectManager.ProjectName=WAVMultiChannel
ProjectManager.RegisterCallBack=
ProjectManager.StackSize=0x400
ProjectManager.TargetToolchain=STM32CubeIDE
ProjectManager.ToolChainLocation=
ProjectManager.UnderRoot=true
ProjectManager.functionlistsort=1-SystemClock_Config-RCC-false-HAL-false,2-MX_GPIO_Init-GPIO-false-HAL-true,3-MX_SAI1_Init-SAI1-false-HAL-true,4-MX_DMA_Init-DMA-false-HAL-true,5-MX_SDMMC1_SD_Init-SDMMC1-false-HAL-true,6-MX_FATFS_Init-FATFS-false-HAL-false,7-MX_USART3_UART_Init-USART3-false-HAL-true,8-MX_SAI2_Init-SAI2-false-HAL-true,9-MX_TIM5_Init-TIM5-false-HAL-true,0-MX_CORTEX_M7_Init-CORTEX_M7-false-HAL-true
RCC.ADCFreq_Value=100000000
RCC.AHB12Freq_Value=280000000
RCC.AHB4Freq_Value=280000000
RCC.APB1Freq_Value=140000000
RCC.APB2Freq_Value=140000000
RCC.APB3Freq_Value=140000000
RCC.APB4Freq_Value=140000000
RCC.AXIClockFreq_Value=280000000
RCC.CDCPREFreq_Value=280000000
RCC.CDPPRE=RCC_APB3_DIV2
RCC.CDPPRE1=RCC_APB1_DIV2
RCC.CDPPRE2=RCC_APB2_DIV2
RCC.CECFreq_Value=32000
RCC.CKPERFreq_Value=64000000
RCC.CortexFreq_Value=280000000
RCC.CpuClockFreq_Value=280000000
RCC.DAC1Freq_Value=32000
RCC.DFSDM2ACLkFreq_Value=140000000
RCC.DFSDM2Freq_Value=140000000
RCC.DFSDMACLkFreq_Value=22400000
RCC.DFSDMFreq_Value=140000000
RCC.DIVM1=4
RCC.DIVM2=8
RCC.DIVM3=8
RCC.DIVN1=280
RCC.DIVN2=200
RCC.DIVN3=158
RCC.DIVP1Freq_Value=280000000
RCC.DIVP2Freq_Value=100000000
RCC.DIVP3=7
RCC.DIVP3Freq_Value=22571428.57142857
RCC.DIVQ1=25
RCC.DIVQ1Freq_Value=22400000
RCC.DIVQ2Freq_Value=100000000
RCC.DIVQ3Freq_Value=79000000
RCC.DIVR1Freq_Value=280000000
RCC.DIVR2Freq_Value=100000000
RCC.DIVR3Freq_Value=79000000
RCC.FDCANFreq_Value=22400000
RCC.FMCFreq_Value=280000000
RCC.FamilyName=M
RCC.HCLK3ClockFreq_Value=280000000
RCC.HCLKFreq_Value=280000000
RCC.HSE_VALUE=8000000
RCC.I2C123Freq_Value=140000000
RCC.I2C4Freq_Value=140000000
RCC.IPParameters=ADCFreq_Value,AHB12Freq_Value,AHB4Freq_Value,APB1Freq_Value,APB2Freq_Value,APB3Freq_Value,APB4Freq_Value,AXIClockFreq_Value,CDCPREFreq_Value,CDPPRE,CDPPRE1,CDPPRE2,CECFreq_Value,CKPERFreq_Value,CortexFreq_Value,CpuClockFreq_Value,DAC1Freq_Value,DFSDM2ACLkFreq_Value,DFSDM2Freq_Value,DFSDMACLkFreq_Value,DFSDMFreq_Value,DIVM1,DIVM2,DIVM3,DIVN1,DIVN2,DIVN3,DIVP1Freq_Value,DIVP2Freq_Value,DIVP3,DIVP3Freq_Value,DIVQ1,DIVQ1Freq_Value,DIVQ2Freq_Value,DIVQ3Freq_Value,DIVR1Freq_Value,DIVR2Freq_Value,DIVR3Freq_Value,FDCANFreq_Value,FMCFreq_Value,FamilyName,HCLK3ClockFreq_Value,HCLKFreq_Value,HSE_VALUE,I2C123Freq_Value,I2C4Freq_Value,LPTIM1Freq_Value,LPTIM2Freq_Value,LPTIM345Freq_Value,LPUART1Freq_Value,LTDCFreq_Value,MCO1PinFreq_Value,MCO2PinFreq_Value,PLLFRACN,PLLSourceVirtual,QSPIFreq_Value,RCC_MCO1Source,RNGFreq_Value,RTCFreq_Value,SAI1Freq_Value,SAI2AFreq_Value,SAI2BFreq_Value,SDMMC1CLockSelection,SDMMCFreq_Value,SPDIFRXFreq_Value,SPI123Freq_Value,SPI45Freq_Value,SPI6Freq_Value,SRDPPRE,SWPMI1Freq_Value,SYSCLKFreq_VALUE,SYSCLKSource,SupplySource,Tim1OutputFreq_Value,Tim2OutputFreq_Value,TraceFreq_Value,USART16Freq_Value,USART234578Freq_Value,USBCLockSelection,USBFreq_Value,VCO1OutputFreq_Value,VCO2OutputFreq_Value,VCO3OutputFreq_Value,VCOInput1Freq_Value,VCOInput2Freq_Value,VCOInput3Freq_Value
RCC.LPTIM1Freq_Value=140000000
RCC.LPTIM2Freq_Value=140000000
RCC.LPTIM345Freq_Value=140000000
RCC.LPUART1Freq_Value=140000000
RCC.LTDCFreq_Value=79000000
RCC.MCO1PinFreq_Value=22400000
RCC.MCO2PinFreq_Value=280000000
RCC.PLLFRACN=0
RCC.PLLSourceVirtual=RCC_PLLSOURCE_HSE
RCC.QSPIFreq_Value=280000000
RCC.RCC_MCO1Source=RCC_MCO1SOURCE_PLL1QCLK
RCC.RNGFreq_Value=48000000
RCC.RTCFreq_Value=32000
RCC.SAI1Freq_Value=22400000
RCC.SAI2AFreq_Value=22400000
RCC.SAI2BFreq_Value=22400000
RCC.SDMMC1CLockSelection=RCC_SDMMCCLKSOURCE_PLL2
RCC.SDMMCFreq_Value=100000000
RCC.SPDIFRXFreq_Value=22400000
RCC.SPI123Freq_Value=22400000
RCC.SPI45Freq_Value=140000000
RCC.SPI6Freq_Value=140000000
RCC.SRDPPRE=RCC_APB4_DIV2
RCC.SWPMI1Freq_Value=140000000
RCC.SYSCLKFreq_VALUE=280000000
RCC.SYSCLKSource=RCC_SYSCLKSOURCE_PLLCLK
RCC.SupplySource=PWR_DIRECT_SMPS_SUPPLY
RCC.Tim1OutputFreq_Value=280000000
RCC.Tim2OutputFreq_Value=280000000
RCC.TraceFreq_Value=280000000
RCC.USART16Freq_Value=140000000
RCC.USART234578Freq_Value=140000000
RCC.USBCLockSelection=RCC_USBCLKSOURCE_HSI48
RCC.USBFreq_Value=48000000
RCC.VCO1OutputFreq_Value=560000000
RCC.VCO2OutputFreq_Value=200000000
RCC.VCO3OutputFreq_Value=158000000
RCC.VCOInput1Freq_Value=2000000
RCC.VCOInput2Freq_Value=1000000
RCC.VCOInput3Freq_Value=1000000
SAI1.AudioFrequency-SAI_A_MasterWithClock=SAI_AUDIO_FREQUENCY_44K
SAI1.AudioMode-SAI_B_SyncSlave=SAI_MODESLAVE_TX
SAI1.ClockStrobing-SAI_A_MasterWithClock=SAI_CLOCKSTROBING_RISINGEDGE
SAI1.ClockStrobing-SAI_B_SyncSlave=SAI_CLOCKSTROBING_RISINGEDGE
SAI1.DataSize-SAI_A_MasterWithClock=SAI_DATASIZE_16
SAI1.DataSize-SAI_B_SyncSlave=SAI_DATASIZE_16
SAI1.ErrorAudioFreq-SAI_A_MasterWithClock=-0.56 %
SAI1.FSOffset-SAI_A_MasterWithClock=SAI_FS_BEFOREFIRSTBIT
SAI1.FSOffset-SAI_B_SyncSlave=SAI_FS_BEFOREFIRSTBIT
SAI1.FSPolarity-SAI_A_MasterWithClock=SAI_FS_ACTIVE_HIGH
SAI1.FSPolarity-SAI_B_SyncSlave=SAI_FS_ACTIVE_HIGH
SAI1.FrameLength-SAI_A_MasterWithClock=256
SAI1.FrameLength-SAI_B_SyncSlave=256
SAI1.IPParameters=Instance-SAI_B_SyncSlave,VirtualMode-SAI_B_SyncSlave,AudioMode-SAI_B_SyncSlave,FrameLength-SAI_B_SyncSlave,FSPolarity-SAI_B_SyncSlave,FSOffset-SAI_B_SyncSlave,SlotNumber-SAI_B_SyncSlave,VirtualSlotActive-SAI_B_SyncSlave,SlotActive-SAI_B_SyncSlave,ClockStrobing-SAI_B_SyncSlave,Instance-SAI_A_MasterWithClock,VirtualMode-SAI_A_MasterWithClock,MckOutput-SAI_A_MasterWithClock,RealAudioFreq-SAI_A_MasterWithClock,ErrorAudioFreq-SAI_A_MasterWithClock,FrameLength-SAI_A_MasterWithClock,DataSize-SAI_A_MasterWithClock,VirtualSlotActive-SAI_A_MasterWithClock,SlotActive-SAI_A_MasterWithClock,SlotNumber-SAI_A_MasterWithClock,FSOffset-SAI_A_MasterWithClock,FSPolarity-SAI_A_MasterWithClock,ClockStrobing-SAI_A_MasterWithClock,AudioFrequency-SAI_A_MasterWithClock,DataSize-SAI_B_SyncSlave,SynchroExt
SAI1.Instance-SAI_A_MasterWithClock=SAI$Index_Block_A
SAI1.Instance-SAI_B_SyncSlave=SAI$Index_Block_B
SAI1.MckOutput-SAI_A_MasterWithClock=SAI_MCK_OUTPUT_ENABLE
SAI1.RealAudioFreq-SAI_A_MasterWithClock=43.75 KHz
SAI1.SlotActive-SAI_A_MasterWithClock=0x0000FFFF
SAI1.SlotActive-SAI_B_SyncSlave=0x0000FFFF
SAI1.SlotNumber-SAI_A_MasterWithClock=16
SAI1.SlotNumber-SAI_B_SyncSlave=16
SAI1.SynchroExt=SAI_SYNCEXT_OUTBLOCKA_ENABLE
SAI1.VirtualMode-SAI_A_MasterWithClock=VM_MASTER
SAI1.VirtualMode-SAI_B_SyncSlave=VM_SLAVE
SAI1.VirtualSlotActive-SAI_A_MasterWithClock=SAI_SLOTACTIVE_ALL
SAI1.VirtualSlotActive-SAI_B_SyncSlave=SAI_SLOTACTIVE_ALL
SAI2.AudioMode-SAI_A_SyncSlave=SAI_MODESLAVE_TX
SAI2.AudioMode-SAI_B_SyncSlave=SAI_MODESLAVE_TX
SAI2.ClockStrobing-SAI_A_SyncSlave=SAI_CLOCKSTROBING_RISINGEDGE
SAI2.ClockStrobing-SAI_B_SyncSlave=SAI_CLOCKSTROBING_RISINGEDGE
SAI2.DataSize-SAI_A_SyncSlave=SAI_DATASIZE_16
SAI2.DataSize-SAI_B_SyncSlave=SAI_DATASIZE_16
SAI2.FSOffset-SAI_A_SyncSlave=SAI_FS_BEFOREFIRSTBIT
SAI2.FSOffset-SAI_B_SyncSlave=SAI_FS_BEFOREFIRSTBIT
SAI2.FSPolarity-SAI_A_SyncSlave=SAI_FS_ACTIVE_HIGH
SAI2.FSPolarity-SAI_B_SyncSlave=SAI_FS_ACTIVE_HIGH
SAI2.FrameLength-SAI_A_SyncSlave=256
SAI2.FrameLength-SAI_B_SyncSlave=256
SAI2.IPParameters=Instance-SAI_A_SyncSlave,VirtualMode-SAI_A_SyncSlave,Instance-SAI_B_SyncSlave,VirtualMode-SAI_B_SyncSlave,Synchro_A,Synchro_B,AudioMode-SAI_B_SyncSlave,AudioMode-SAI_A_SyncSlave,FrameLength-SAI_A_SyncSlave,FrameLength-SAI_B_SyncSlave,DataSize-SAI_A_SyncSlave,FSPolarity-SAI_A_SyncSlave,FSPolarity-SAI_B_SyncSlave,FSOffset-SAI_A_SyncSlave,FSOffset-SAI_B_SyncSlave,SlotNumber-SAI_A_SyncSlave,VirtualSlotActive-SAI_A_SyncSlave,SlotActive-SAI_A_SyncSlave,ClockStrobing-SAI_A_SyncSlave,DataSize-SAI_B_SyncSlave,ClockStrobing-SAI_B_SyncSlave,SlotNumber-SAI_B_SyncSlave,VirtualSlotActive-SAI_B_SyncSlave,SlotActive-SAI_B_SyncSlave
SAI2.Instance-SAI_A_SyncSlave=SAI$Index_Block_A
SAI2.Instance-SAI_B_SyncSlave=SAI$Index_Block_B
SAI2.SlotActive-SAI_A_SyncSlave=0x0000FFFF
SAI2.SlotActive-SAI_B_SyncSlave=0x0000FFFF
SAI2.SlotNumber-SAI_A_SyncSlave=16
SAI2.SlotNumber-SAI_B_SyncSlave=16
SAI2.Synchro_A=SAI_SYNCHRONOUS_EXT_SAI1
SAI2.Synchro_B=SAI_SYNCHRONOUS_EXT_SAI1
SAI2.VirtualMode-SAI_A_SyncSlave=VM_SLAVE
SAI2.VirtualMode-SAI_B_SyncSlave=VM_SLAVE
SAI2.VirtualSlotActive-SAI_A_SyncSlave=SAI_SLOTACTIVE_ALL
SAI2.VirtualSlotActive-SAI_B_SyncSlave=SAI_SLOTACTIVE_ALL
SDMMC1.ClockDiv=2
SDMMC1.HardwareFlowControl=SDMMC_HARDWARE_FLOW_CONTROL_ENABLE
SDMMC1.IPParameters=HardwareFlowControl,ClockDiv
SH.GPXTI7.0=GPIO_EXTI7
SH.GPXTI7.ConfNb=1
TIM5.IPParameters=Period,Prescaler
TIM5.Period=0xffffffff
TIM5.Prescaler=280-1
USART3.IPParameters=VirtualMode-Asynchronous
USART3.VirtualMode-Asynchronous=VM_ASYNC
VP_FATFS_VS_SDIO.Mode=SDIO
VP_FATFS_VS_SDIO.Signal=FATFS_VS_SDIO
VP_FREERTOS_VS_CMSIS_V2.Mode=CMSIS_V2
VP_FREERTOS_VS_CMSIS_V2.Signal=FREERTOS_VS_CMSIS_V2
VP_SAI1_VP_$IpInstance_SYNCHRO_EXTERNAL.Mode=SynchroExternal
VP_SAI1_VP_$IpInstance_SYNCHRO_EXTERNAL.Signal=SAI1_VP_$IpInstance_SYNCHRO_EXTERNAL
VP_SYS_VS_tim7.Mode=TIM7
VP_SYS_VS_tim7.Signal=SYS_VS_tim7
VP_TIM5_VS_ClockSourceINT.Mode=Internal
VP_TIM5_VS_ClockSourceINT.Signal=TIM5_VS_ClockSourceINT
board=NUCLEO-H7A3ZI-Q
boardIOC=true
isbadioc=false
